
Microsoft Visual Studio Solution File, Format Version 12.00
# Visual Studio Version 16
VisualStudioVersion = 16.0.29201.188
MinimumVisualStudioVersion = 10.0.40219.1
Project("{9A19103F-16F7-4668-BE54-9A1E7A4F7556}") = "MA.CenterV2", "MA.CenterV2\MA.CenterV2.csproj", "{1E2628B7-D416-45E1-93B6-A94EFA5431C7}"
EndProject
Project("{9A19103F-16F7-4668-BE54-9A1E7A4F7556}") = "MA.Web", "MA.Web\MA.Web.csproj", "{1ADC944D-9316-43A2-9228-46FB558F7D4B}"
EndProject
Project("{FAE04EC0-301F-11D3-BF4B-00C04F79EFBC}") = "MA.Models", "MA.Models\MA.Models.csproj", "{35736F3E-72BA-4963-B886-A308A185720E}"
EndProject
Project("{00D1A9C2-B5F0-4AF3-8072-F6C62B433612}") = "MA.CenterCore", "MA.CenterCore\MA.CenterCore.sqlproj", "{F8879EEA-EFE3-4958-B505-E995E1FF161A}"
EndProject
Project("{FAE04EC0-301F-11D3-BF4B-00C04F79EFBC}") = "MA.DBAccess", "MA.DBAccess\MA.DBAccess.csproj", "{68CD00BF-90D9-400E-90F8-D74518200569}"
EndProject
Global
	GlobalSection(SolutionConfigurationPlatforms) = preSolution
		Debug|Any CPU = Debug|Any CPU
		Release|Any CPU = Release|Any CPU
	EndGlobalSection
	GlobalSection(ProjectConfigurationPlatforms) = postSolution
		{1E2628B7-D416-45E1-93B6-A94EFA5431C7}.Debug|Any CPU.ActiveCfg = Debug|Any CPU
		{1E2628B7-D416-45E1-93B6-A94EFA5431C7}.Debug|Any CPU.Build.0 = Debug|Any CPU
		{1E2628B7-D416-45E1-93B6-A94EFA5431C7}.Release|Any CPU.ActiveCfg = Release|Any CPU
		{1E2628B7-D416-45E1-93B6-A94EFA5431C7}.Release|Any CPU.Build.0 = Release|Any CPU
		{1ADC944D-9316-43A2-9228-46FB558F7D4B}.Debug|Any CPU.ActiveCfg = Debug|Any CPU
		{1ADC944D-9316-43A2-9228-46FB558F7D4B}.Debug|Any CPU.Build.0 = Debug|Any CPU
		{1ADC944D-9316-43A2-9228-46FB558F7D4B}.Release|Any CPU.ActiveCfg = Release|Any CPU
		{1ADC944D-9316-43A2-9228-46FB558F7D4B}.Release|Any CPU.Build.0 = Release|Any CPU
		{35736F3E-72BA-4963-B886-A308A185720E}.Debug|Any CPU.ActiveCfg = Debug|Any CPU
		{35736F3E-72BA-4963-B886-A308A185720E}.Debug|Any CPU.Build.0 = Debug|Any CPU
		{35736F3E-72BA-4963-B886-A308A185720E}.Release|Any CPU.ActiveCfg = Release|Any CPU
		{35736F3E-72BA-4963-B886-A308A185720E}.Release|Any CPU.Build.0 = Release|Any CPU
		{F8879EEA-EFE3-4958-B505-E995E1FF161A}.Debug|Any CPU.ActiveCfg = Debug|Any CPU
		{F8879EEA-EFE3-4958-B505-E995E1FF161A}.Debug|Any CPU.Build.0 = Debug|Any CPU
		{F8879EEA-EFE3-4958-B505-E995E1FF161A}.Debug|Any CPU.Deploy.0 = Debug|Any CPU
		{F8879EEA-EFE3-4958-B505-E995E1FF161A}.Release|Any CPU.ActiveCfg = Release|Any CPU
		{F8879EEA-EFE3-4958-B505-E995E1FF161A}.Release|Any CPU.Build.0 = Release|Any CPU
		{F8879EEA-EFE3-4958-B505-E995E1FF161A}.Release|Any CPU.Deploy.0 = Release|Any CPU
		{68CD00BF-90D9-400E-90F8-D74518200569}.Debug|Any CPU.ActiveCfg = Debug|Any CPU
		{68CD00BF-90D9-400E-90F8-D74518200569}.Debug|Any CPU.Build.0 = Debug|Any CPU
		{68CD00BF-90D9-400E-90F8-D74518200569}.Release|Any CPU.ActiveCfg = Release|Any CPU
		{68CD00BF-90D9-400E-90F8-D74518200569}.Release|Any CPU.Build.0 = Release|Any CPU
	EndGlobalSection
	GlobalSection(SolutionProperties) = preSolution
		HideSolutionNode = FALSE
	EndGlobalSection
	GlobalSection(ExtensibilityGlobals) = postSolution
		SolutionGuid = {6E2D5DFA-24EA-4AF8-9215-08939C9F5A15}
	EndGlobalSection
EndGlobal
